
Microsoft Visual Studio Solution File, Format Version 12.00
# Visual Studio Version 17
VisualStudioVersion = 17.9.34714.143
MinimumVisualStudioVersion = 10.0.40219.1
Project("{FAE04EC0-301F-11D3-BF4B-00C04F79EFBC}") = "Task_Ferramenta", "Task_Ferramenta\Task_Ferramenta.csproj", "{B9D76C52-2F7D-4714-BA62-1AF9243FADA0}"
EndProject
Global
	GlobalSection(SolutionConfigurationPlatforms) = preSolution
		Debug|Any CPU = Debug|Any CPU
		Release|Any CPU = Release|Any CPU
	EndGlobalSection
	GlobalSection(ProjectConfigurationPlatforms) = postSolution
		{B9D76C52-2F7D-4714-BA62-1AF9243FADA0}.Debug|Any CPU.ActiveCfg = Debug|Any CPU
		{B9D76C52-2F7D-4714-BA62-1AF9243FADA0}.Debug|Any CPU.Build.0 = Debug|Any CPU
		{B9D76C52-2F7D-4714-BA62-1AF9243FADA0}.Release|Any CPU.ActiveCfg = Release|Any CPU
		{B9D76C52-2F7D-4714-BA62-1AF9243FADA0}.Release|Any CPU.Build.0 = Release|Any CPU
	EndGlobalSection
	GlobalSection(SolutionProperties) = preSolution
		HideSolutionNode = FALSE
	EndGlobalSection
	GlobalSection(ExtensibilityGlobals) = postSolution
		SolutionGuid = {C1C51AD5-819E-4C3F-93CB-5F8A07C90D42}
	EndGlobalSection
EndGlobal
